// !$*UTF8*$!
{
	archiveVersion = 1;
	classes = {
	};
	objectVersion = 60;
	objects = {

/* Begin PBXBuildFile section */
		19BDCD192E14F6E10013ACFA /* YOLOResultView.swift in Sources */ = {isa = PBXBuildFile; fileRef = 19BDCD182E14F6D40013ACFA /* YOLOResultView.swift */; };
		19BDCD7C2E14FC800013ACFA /* YOLO in Frameworks */ = {isa = PBXBuildFile; productRef = 19BDCD7B2E14FC800013ACFA /* YOLO */; };
		9D8D982C2E12CF4600A8277B /* m_best.pt in Resources */ = {isa = PBXBuildFile; fileRef = 9D8D982B2E12CF4600A8277B /* m_best.pt */; };
		9D8D982E2E12CF8500A8277B /* yolo11n.mlpackage in Sources */ = {isa = PBXBuildFile; fileRef = 9D8D982D2E12CF8500A8277B /* yolo11n.mlpackage */; };
		9D8D98362E12D5F500A8277B /* m_best.mlpackage in Sources */ = {isa = PBXBuildFile; fileRef = 9D8D98352E12D5F500A8277B /* m_best.mlpackage */; };
		9DF2ABB22E12B8B2000EC00D /* hack_dayApp.swift in Sources */ = {isa = PBXBuildFile; fileRef = 9DF2ABB12E12B8B2000EC00D /* hack_dayApp.swift */; };
		9DF2ABB42E12B8B2000EC00D /* ContentView.swift in Sources */ = {isa = PBXBuildFile; fileRef = 9DF2ABB32E12B8B2000EC00D /* ContentView.swift */; };
		9DF2ABB62E12B8B3000EC00D /* Assets.xcassets in Resources */ = {isa = PBXBuildFile; fileRef = 9DF2ABB52E12B8B3000EC00D /* Assets.xcassets */; };
		9DF2ABB92E12B8B3000EC00D /* Preview Assets.xcassets in Resources */ = {isa = PBXBuildFile; fileRef = 9DF2ABB82E12B8B3000EC00D /* Preview Assets.xcassets */; };
		9DF2ABC32E12B8B3000EC00D /* hack_dayTests.swift in Sources */ = {isa = PBXBuildFile; fileRef = 9DF2ABC22E12B8B3000EC00D /* hack_dayTests.swift */; };
		9DF2ABCD2E12B8B3000EC00D /* hack_dayUITests.swift in Sources */ = {isa = PBXBuildFile; fileRef = 9DF2ABCC2E12B8B3000EC00D /* hack_dayUITests.swift */; };
		9DF2ABCF2E12B8B3000EC00D /* hack_dayUITestsLaunchTests.swift in Sources */ = {isa = PBXBuildFile; fileRef = 9DF2ABCE2E12B8B3000EC00D /* hack_dayUITestsLaunchTests.swift */; };
/* End PBXBuildFile section */

/* Begin PBXContainerItemProxy section */
		19BDCD362E14F8760013ACFA /* PBXContainerItemProxy */ = {
			isa = PBXContainerItemProxy;
			containerPortal = 19BDCD312E14F8760013ACFA /* YOLOiOSApp.xcodeproj */;
			proxyType = 2;
			remoteGlobalIDString = 7BCB411721C3096100BFC4D0;
			remoteInfo = YOLOiOSApp;
		};
		19BDCD532E14F8980013ACFA /* PBXContainerItemProxy */ = {
			isa = PBXContainerItemProxy;
			containerPortal = 19BDCD4E2E14F8980013ACFA /* YOLOiOSApp.xcodeproj */;
			proxyType = 2;
			remoteGlobalIDString = 7BCB411721C3096100BFC4D0;
			remoteInfo = YOLOiOSApp;
		};
		9DF2ABBF2E12B8B3000EC00D /* PBXContainerItemProxy */ = {
			isa = PBXContainerItemProxy;
			containerPortal = 9DF2ABA62E12B8B2000EC00D /* Project object */;
			proxyType = 1;
			remoteGlobalIDString = 9DF2ABAD2E12B8B2000EC00D;
			remoteInfo = hack_day;
		};
		9DF2ABC92E12B8B3000EC00D /* PBXContainerItemProxy */ = {
			isa = PBXContainerItemProxy;
			containerPortal = 9DF2ABA62E12B8B2000EC00D /* Project object */;
			proxyType = 1;
			remoteGlobalIDString = 9DF2ABAD2E12B8B2000EC00D;
			remoteInfo = hack_day;
		};
/* End PBXContainerItemProxy section */

/* Begin PBXFileReference section */
		19BDCD182E14F6D40013ACFA /* YOLOResultView.swift */ = {isa = PBXFileReference; lastKnownFileType = sourcecode.swift; path = YOLOResultView.swift; sourceTree = "<group>"; };
		19BDCD1B2E14F8760013ACFA /* .gitkeep */ = {isa = PBXFileReference; lastKnownFileType = text; path = .gitkeep; sourceTree = "<group>"; };
		19BDCD1D2E14F8760013ACFA /* .gitkeep */ = {isa = PBXFileReference; lastKnownFileType = text; path = .gitkeep; sourceTree = "<group>"; };
		19BDCD1F2E14F8760013ACFA /* .gitkeep */ = {isa = PBXFileReference; lastKnownFileType = text; path = .gitkeep; sourceTree = "<group>"; };
		19BDCD212E14F8760013ACFA /* .gitkeep */ = {isa = PBXFileReference; lastKnownFileType = text; path = .gitkeep; sourceTree = "<group>"; };
		19BDCD232E14F8760013ACFA /* .gitkeep */ = {isa = PBXFileReference; lastKnownFileType = text; path = .gitkeep; sourceTree = "<group>"; };
		19BDCD252E14F8760013ACFA /* AppDelegate.swift */ = {isa = PBXFileReference; lastKnownFileType = sourcecode.swift; path = AppDelegate.swift; sourceTree = "<group>"; };
		19BDCD262E14F8760013ACFA /* Assets.xcassets */ = {isa = PBXFileReference; lastKnownFileType = folder.assetcatalog; path = Assets.xcassets; sourceTree = "<group>"; };
		19BDCD272E14F8760013ACFA /* Info.plist */ = {isa = PBXFileReference; lastKnownFileType = text.plist.xml; path = Info.plist; sourceTree = "<group>"; };
		19BDCD282E14F8760013ACFA /* LaunchScreen.storyboard */ = {isa = PBXFileReference; lastKnownFileType = file.storyboard; path = LaunchScreen.storyboard; sourceTree = "<group>"; };
		19BDCD292E14F8760013ACFA /* Main.storyboard */ = {isa = PBXFileReference; lastKnownFileType = file.storyboard; path = Main.storyboard; sourceTree = "<group>"; };
		19BDCD2A2E14F8760013ACFA /* ModelDownloadManager.swift */ = {isa = PBXFileReference; lastKnownFileType = sourcecode.swift; path = ModelDownloadManager.swift; sourceTree = "<group>"; };
		19BDCD2B2E14F8760013ACFA /* RemoteModels.swift */ = {isa = PBXFileReference; lastKnownFileType = sourcecode.swift; path = RemoteModels.swift; sourceTree = "<group>"; };
		19BDCD2C2E14F8760013ACFA /* Settings.bundle */ = {isa = PBXFileReference; lastKnownFileType = "wrapper.plug-in"; path = Settings.bundle; sourceTree = "<group>"; };
		19BDCD2D2E14F8760013ACFA /* ultralytics_yolo_logotype.png */ = {isa = PBXFileReference; lastKnownFileType = image.png; path = ultralytics_yolo_logotype.png; sourceTree = "<group>"; };
		19BDCD2E2E14F8760013ACFA /* ViewController.swift */ = {isa = PBXFileReference; lastKnownFileType = sourcecode.swift; path = ViewController.swift; sourceTree = "<group>"; };
		19BDCD302E14F8760013ACFA /* README.md */ = {isa = PBXFileReference; lastKnownFileType = net.daringfireball.markdown; path = README.md; sourceTree = "<group>"; };
		19BDCD312E14F8760013ACFA /* YOLOiOSApp.xcodeproj */ = {isa = PBXFileReference; lastKnownFileType = "wrapper.pb-project"; path = YOLOiOSApp.xcodeproj; sourceTree = "<group>"; };
		19BDCD382E14F8980013ACFA /* .gitkeep */ = {isa = PBXFileReference; lastKnownFileType = text; path = .gitkeep; sourceTree = "<group>"; };
		19BDCD3A2E14F8980013ACFA /* .gitkeep */ = {isa = PBXFileReference; lastKnownFileType = text; path = .gitkeep; sourceTree = "<group>"; };
		19BDCD3C2E14F8980013ACFA /* .gitkeep */ = {isa = PBXFileReference; lastKnownFileType = text; path = .gitkeep; sourceTree = "<group>"; };
		19BDCD3E2E14F8980013ACFA /* .gitkeep */ = {isa = PBXFileReference; lastKnownFileType = text; path = .gitkeep; sourceTree = "<group>"; };
		19BDCD402E14F8980013ACFA /* .gitkeep */ = {isa = PBXFileReference; lastKnownFileType = text; path = .gitkeep; sourceTree = "<group>"; };
		19BDCD422E14F8980013ACFA /* AppDelegate.swift */ = {isa = PBXFileReference; lastKnownFileType = sourcecode.swift; path = AppDelegate.swift; sourceTree = "<group>"; };
		19BDCD432E14F8980013ACFA /* Assets.xcassets */ = {isa = PBXFileReference; lastKnownFileType = folder.assetcatalog; path = Assets.xcassets; sourceTree = "<group>"; };
		19BDCD442E14F8980013ACFA /* Info.plist */ = {isa = PBXFileReference; lastKnownFileType = text.plist.xml; path = Info.plist; sourceTree = "<group>"; };
		19BDCD452E14F8980013ACFA /* LaunchScreen.storyboard */ = {isa = PBXFileReference; lastKnownFileType = file.storyboard; path = LaunchScreen.storyboard; sourceTree = "<group>"; };
		19BDCD462E14F8980013ACFA /* Main.storyboard */ = {isa = PBXFileReference; lastKnownFileType = file.storyboard; path = Main.storyboard; sourceTree = "<group>"; };
		19BDCD472E14F8980013ACFA /* ModelDownloadManager.swift */ = {isa = PBXFileReference; lastKnownFileType = sourcecode.swift; path = ModelDownloadManager.swift; sourceTree = "<group>"; };
		19BDCD482E14F8980013ACFA /* RemoteModels.swift */ = {isa = PBXFileReference; lastKnownFileType = sourcecode.swift; path = RemoteModels.swift; sourceTree = "<group>"; };
		19BDCD492E14F8980013ACFA /* Settings.bundle */ = {isa = PBXFileReference; lastKnownFileType = "wrapper.plug-in"; path = Settings.bundle; sourceTree = "<group>"; };
		19BDCD4A2E14F8980013ACFA /* ultralytics_yolo_logotype.png */ = {isa = PBXFileReference; lastKnownFileType = image.png; path = ultralytics_yolo_logotype.png; sourceTree = "<group>"; };
		19BDCD4B2E14F8980013ACFA /* ViewController.swift */ = {isa = PBXFileReference; lastKnownFileType = sourcecode.swift; path = ViewController.swift; sourceTree = "<group>"; };
		19BDCD4D2E14F8980013ACFA /* README.md */ = {isa = PBXFileReference; lastKnownFileType = net.daringfireball.markdown; path = README.md; sourceTree = "<group>"; };
		19BDCD4E2E14F8980013ACFA /* YOLOiOSApp.xcodeproj */ = {isa = PBXFileReference; lastKnownFileType = "wrapper.pb-project"; path = YOLOiOSApp.xcodeproj; sourceTree = "<group>"; };
		19BDCD552E14FB770013ACFA /* BasePredictor.swift */ = {isa = PBXFileReference; lastKnownFileType = sourcecode.swift; path = BasePredictor.swift; sourceTree = "<group>"; };
		19BDCD562E14FB770013ACFA /* BoundingBoxView.swift */ = {isa = PBXFileReference; lastKnownFileType = sourcecode.swift; path = BoundingBoxView.swift; sourceTree = "<group>"; };
		19BDCD572E14FB770013ACFA /* Classifier.swift */ = {isa = PBXFileReference; lastKnownFileType = sourcecode.swift; path = Classifier.swift; sourceTree = "<group>"; };
		19BDCD582E14FB770013ACFA /* NonMaxSuppression.swift */ = {isa = PBXFileReference; lastKnownFileType = sourcecode.swift; path = NonMaxSuppression.swift; sourceTree = "<group>"; };
		19BDCD592E14FB770013ACFA /* ObbDetector.swift */ = {isa = PBXFileReference; lastKnownFileType = sourcecode.swift; path = ObbDetector.swift; sourceTree = "<group>"; };
		19BDCD5A2E14FB770013ACFA /* ObjectDetector.swift */ = {isa = PBXFileReference; lastKnownFileType = sourcecode.swift; path = ObjectDetector.swift; sourceTree = "<group>"; };
		19BDCD5B2E14FB770013ACFA /* Plot.swift */ = {isa = PBXFileReference; lastKnownFileType = sourcecode.swift; path = Plot.swift; sourceTree = "<group>"; };
		19BDCD5C2E14FB770013ACFA /* PoseEstimater.swift */ = {isa = PBXFileReference; lastKnownFileType = sourcecode.swift; path = PoseEstimater.swift; sourceTree = "<group>"; };
		19BDCD5D2E14FB770013ACFA /* Predictor.swift */ = {isa = PBXFileReference; lastKnownFileType = sourcecode.swift; path = Predictor.swift; sourceTree = "<group>"; };
		19BDCD5E2E14FB770013ACFA /* README.md */ = {isa = PBXFileReference; lastKnownFileType = net.daringfireball.markdown; path = README.md; sourceTree = "<group>"; };
		19BDCD5F2E14FB770013ACFA /* Segmenter.swift */ = {isa = PBXFileReference; lastKnownFileType = sourcecode.swift; path = Segmenter.swift; sourceTree = "<group>"; };
		19BDCD602E14FB770013ACFA /* ThresholdProvider.swift */ = {isa = PBXFileReference; lastKnownFileType = sourcecode.swift; path = ThresholdProvider.swift; sourceTree = "<group>"; };
		19BDCD612E14FB770013ACFA /* VideoCapture.swift */ = {isa = PBXFileReference; lastKnownFileType = sourcecode.swift; path = VideoCapture.swift; sourceTree = "<group>"; };
		19BDCD622E14FB770013ACFA /* YOLO.swift */ = {isa = PBXFileReference; lastKnownFileType = sourcecode.swift; path = YOLO.swift; sourceTree = "<group>"; };
		19BDCD632E14FB770013ACFA /* YOLOCamera.swift */ = {isa = PBXFileReference; lastKnownFileType = sourcecode.swift; path = YOLOCamera.swift; sourceTree = "<group>"; };
		19BDCD642E14FB770013ACFA /* YOLOResult.swift */ = {isa = PBXFileReference; lastKnownFileType = sourcecode.swift; path = YOLOResult.swift; sourceTree = "<group>"; };
		19BDCD652E14FB770013ACFA /* YOLOTask.swift */ = {isa = PBXFileReference; lastKnownFileType = sourcecode.swift; path = YOLOTask.swift; sourceTree = "<group>"; };
		19BDCD662E14FB770013ACFA /* YOLOView.swift */ = {isa = PBXFileReference; lastKnownFileType = sourcecode.swift; path = YOLOView.swift; sourceTree = "<group>"; };
		19BDCD682E14FC6D0013ACFA /* BasePredictor.swift */ = {isa = PBXFileReference; lastKnownFileType = sourcecode.swift; path = BasePredictor.swift; sourceTree = "<group>"; };
		19BDCD692E14FC6D0013ACFA /* BoundingBoxView.swift */ = {isa = PBXFileReference; lastKnownFileType = sourcecode.swift; path = BoundingBoxView.swift; sourceTree = "<group>"; };
		19BDCD6A2E14FC6D0013ACFA /* Classifier.swift */ = {isa = PBXFileReference; lastKnownFileType = sourcecode.swift; path = Classifier.swift; sourceTree = "<group>"; };
		19BDCD6B2E14FC6D0013ACFA /* NonMaxSuppression.swift */ = {isa = PBXFileReference; lastKnownFileType = sourcecode.swift; path = NonMaxSuppression.swift; sourceTree = "<group>"; };
		19BDCD6C2E14FC6D0013ACFA /* ObbDetector.swift */ = {isa = PBXFileReference; lastKnownFileType = sourcecode.swift; path = ObbDetector.swift; sourceTree = "<group>"; };
		19BDCD6D2E14FC6D0013ACFA /* ObjectDetector.swift */ = {isa = PBXFileReference; lastKnownFileType = sourcecode.swift; path = ObjectDetector.swift; sourceTree = "<group>"; };
		19BDCD6E2E14FC6D0013ACFA /* Plot.swift */ = {isa = PBXFileReference; lastKnownFileType = sourcecode.swift; path = Plot.swift; sourceTree = "<group>"; };
		19BDCD6F2E14FC6D0013ACFA /* PoseEstimater.swift */ = {isa = PBXFileReference; lastKnownFileType = sourcecode.swift; path = PoseEstimater.swift; sourceTree = "<group>"; };
		19BDCD702E14FC6D0013ACFA /* Predictor.swift */ = {isa = PBXFileReference; lastKnownFileType = sourcecode.swift; path = Predictor.swift; sourceTree = "<group>"; };
		19BDCD712E14FC6D0013ACFA /* README.md */ = {isa = PBXFileReference; lastKnownFileType = net.daringfireball.markdown; path = README.md; sourceTree = "<group>"; };
		19BDCD722E14FC6D0013ACFA /* Segmenter.swift */ = {isa = PBXFileReference; lastKnownFileType = sourcecode.swift; path = Segmenter.swift; sourceTree = "<group>"; };
		19BDCD732E14FC6D0013ACFA /* ThresholdProvider.swift */ = {isa = PBXFileReference; lastKnownFileType = sourcecode.swift; path = ThresholdProvider.swift; sourceTree = "<group>"; };
		19BDCD742E14FC6D0013ACFA /* VideoCapture.swift */ = {isa = PBXFileReference; lastKnownFileType = sourcecode.swift; path = VideoCapture.swift; sourceTree = "<group>"; };
		19BDCD752E14FC6D0013ACFA /* YOLO.swift */ = {isa = PBXFileReference; lastKnownFileType = sourcecode.swift; path = YOLO.swift; sourceTree = "<group>"; };
		19BDCD762E14FC6D0013ACFA /* YOLOCamera.swift */ = {isa = PBXFileReference; lastKnownFileType = sourcecode.swift; path = YOLOCamera.swift; sourceTree = "<group>"; };
		19BDCD772E14FC6D0013ACFA /* YOLOResult.swift */ = {isa = PBXFileReference; lastKnownFileType = sourcecode.swift; path = YOLOResult.swift; sourceTree = "<group>"; };
		19BDCD782E14FC6D0013ACFA /* YOLOTask.swift */ = {isa = PBXFileReference; lastKnownFileType = sourcecode.swift; path = YOLOTask.swift; sourceTree = "<group>"; };
		19BDCD792E14FC6D0013ACFA /* YOLOView.swift */ = {isa = PBXFileReference; lastKnownFileType = sourcecode.swift; path = YOLOView.swift; sourceTree = "<group>"; };
		9D8D982B2E12CF4600A8277B /* m_best.pt */ = {isa = PBXFileReference; lastKnownFileType = file; path = m_best.pt; sourceTree = "<group>"; };
		9D8D982D2E12CF8500A8277B /* yolo11n.mlpackage */ = {isa = PBXFileReference; lastKnownFileType = folder.mlpackage; path = yolo11n.mlpackage; sourceTree = "<group>"; };
		9D8D98352E12D5F500A8277B /* m_best.mlpackage */ = {isa = PBXFileReference; lastKnownFileType = folder.mlpackage; path = m_best.mlpackage; sourceTree = "<group>"; };
		9DF2ABAE2E12B8B2000EC00D /* hack_day.app */ = {isa = PBXFileReference; explicitFileType = wrapper.application; includeInIndex = 0; path = hack_day.app; sourceTree = BUILT_PRODUCTS_DIR; };
		9DF2ABB12E12B8B2000EC00D /* hack_dayApp.swift */ = {isa = PBXFileReference; lastKnownFileType = sourcecode.swift; path = hack_dayApp.swift; sourceTree = "<group>"; };
		9DF2ABB32E12B8B2000EC00D /* ContentView.swift */ = {isa = PBXFileReference; lastKnownFileType = sourcecode.swift; path = ContentView.swift; sourceTree = "<group>"; };
		9DF2ABB52E12B8B3000EC00D /* Assets.xcassets */ = {isa = PBXFileReference; lastKnownFileType = folder.assetcatalog; path = Assets.xcassets; sourceTree = "<group>"; };
		9DF2ABB82E12B8B3000EC00D /* Preview Assets.xcassets */ = {isa = PBXFileReference; lastKnownFileType = folder.assetcatalog; path = "Preview Assets.xcassets"; sourceTree = "<group>"; };
		9DF2ABBE2E12B8B3000EC00D /* hack_dayTests.xctest */ = {isa = PBXFileReference; explicitFileType = wrapper.cfbundle; includeInIndex = 0; path = hack_dayTests.xctest; sourceTree = BUILT_PRODUCTS_DIR; };
		9DF2ABC22E12B8B3000EC00D /* hack_dayTests.swift */ = {isa = PBXFileReference; lastKnownFileType = sourcecode.swift; path = hack_dayTests.swift; sourceTree = "<group>"; };
		9DF2ABC82E12B8B3000EC00D /* hack_dayUITests.xctest */ = {isa = PBXFileReference; explicitFileType = wrapper.cfbundle; includeInIndex = 0; path = hack_dayUITests.xctest; sourceTree = BUILT_PRODUCTS_DIR; };
		9DF2ABCC2E12B8B3000EC00D /* hack_dayUITests.swift */ = {isa = PBXFileReference; lastKnownFileType = sourcecode.swift; path = hack_dayUITests.swift; sourceTree = "<group>"; };
		9DF2ABCE2E12B8B3000EC00D /* hack_dayUITestsLaunchTests.swift */ = {isa = PBXFileReference; lastKnownFileType = sourcecode.swift; path = hack_dayUITestsLaunchTests.swift; sourceTree = "<group>"; };
/* End PBXFileReference section */

/* Begin PBXFrameworksBuildPhase section */
		9DF2ABAB2E12B8B2000EC00D /* Frameworks */ = {
			isa = PBXFrameworksBuildPhase;
			buildActionMask = 2147483647;
			files = (
				19BDCD7C2E14FC800013ACFA /* YOLO in Frameworks */,
			);
			runOnlyForDeploymentPostprocessing = 0;
		};
		9DF2ABBB2E12B8B3000EC00D /* Frameworks */ = {
			isa = PBXFrameworksBuildPhase;
			buildActionMask = 2147483647;
			files = (
			);
			runOnlyForDeploymentPostprocessing = 0;
		};
		9DF2ABC52E12B8B3000EC00D /* Frameworks */ = {
			isa = PBXFrameworksBuildPhase;
			buildActionMask = 2147483647;
			files = (
			);
			runOnlyForDeploymentPostprocessing = 0;
		};
/* End PBXFrameworksBuildPhase section */

/* Begin PBXGroup section */
		19BDCD1C2E14F8760013ACFA /* ClassifyModels */ = {
			isa = PBXGroup;
			children = (
				19BDCD1B2E14F8760013ACFA /* .gitkeep */,
			);
			path = ClassifyModels;
			sourceTree = "<group>";
		};
		19BDCD1E2E14F8760013ACFA /* DetectModels */ = {
			isa = PBXGroup;
			children = (
				19BDCD1D2E14F8760013ACFA /* .gitkeep */,
			);
			path = DetectModels;
			sourceTree = "<group>";
		};
		19BDCD202E14F8760013ACFA /* OBBModels */ = {
			isa = PBXGroup;
			children = (
				19BDCD1F2E14F8760013ACFA /* .gitkeep */,
			);
			path = OBBModels;
			sourceTree = "<group>";
		};
		19BDCD222E14F8760013ACFA /* PoseModels */ = {
			isa = PBXGroup;
			children = (
				19BDCD212E14F8760013ACFA /* .gitkeep */,
			);
			path = PoseModels;
			sourceTree = "<group>";
		};
		19BDCD242E14F8760013ACFA /* SegmentModels */ = {
			isa = PBXGroup;
			children = (
				19BDCD232E14F8760013ACFA /* .gitkeep */,
			);
			path = SegmentModels;
			sourceTree = "<group>";
		};
		19BDCD2F2E14F8760013ACFA /* YOLOiOSApp */ = {
			isa = PBXGroup;
			children = (
				19BDCD252E14F8760013ACFA /* AppDelegate.swift */,
				19BDCD262E14F8760013ACFA /* Assets.xcassets */,
				19BDCD272E14F8760013ACFA /* Info.plist */,
				19BDCD282E14F8760013ACFA /* LaunchScreen.storyboard */,
				19BDCD292E14F8760013ACFA /* Main.storyboard */,
				19BDCD2A2E14F8760013ACFA /* ModelDownloadManager.swift */,
				19BDCD2B2E14F8760013ACFA /* RemoteModels.swift */,
				19BDCD2C2E14F8760013ACFA /* Settings.bundle */,
				19BDCD2D2E14F8760013ACFA /* ultralytics_yolo_logotype.png */,
				19BDCD2E2E14F8760013ACFA /* ViewController.swift */,
			);
			path = YOLOiOSApp;
			sourceTree = "<group>";
		};
		19BDCD322E14F8760013ACFA /* YOLOiOSApp */ = {
			isa = PBXGroup;
			children = (
				19BDCD1C2E14F8760013ACFA /* ClassifyModels */,
				19BDCD1E2E14F8760013ACFA /* DetectModels */,
				19BDCD202E14F8760013ACFA /* OBBModels */,
				19BDCD222E14F8760013ACFA /* PoseModels */,
				19BDCD242E14F8760013ACFA /* SegmentModels */,
				19BDCD2F2E14F8760013ACFA /* YOLOiOSApp */,
				19BDCD302E14F8760013ACFA /* README.md */,
				19BDCD312E14F8760013ACFA /* YOLOiOSApp.xcodeproj */,
			);
			name = YOLOiOSApp;
			path = "yolo-ios-app-main/YOLOiOSApp";
			sourceTree = "<group>";
		};
		19BDCD332E14F8760013ACFA /* Products */ = {
			isa = PBXGroup;
			children = (
				19BDCD372E14F8760013ACFA /* YOLOiOSApp.app */,
			);
			name = Products;
			sourceTree = "<group>";
		};
		19BDCD392E14F8980013ACFA /* ClassifyModels */ = {
			isa = PBXGroup;
			children = (
				19BDCD382E14F8980013ACFA /* .gitkeep */,
			);
			path = ClassifyModels;
			sourceTree = "<group>";
		};
		19BDCD3B2E14F8980013ACFA /* DetectModels */ = {
			isa = PBXGroup;
			children = (
				19BDCD3A2E14F8980013ACFA /* .gitkeep */,
			);
			path = DetectModels;
			sourceTree = "<group>";
		};
		19BDCD3D2E14F8980013ACFA /* OBBModels */ = {
			isa = PBXGroup;
			children = (
				19BDCD3C2E14F8980013ACFA /* .gitkeep */,
			);
			path = OBBModels;
			sourceTree = "<group>";
		};
		19BDCD3F2E14F8980013ACFA /* PoseModels */ = {
			isa = PBXGroup;
			children = (
				19BDCD3E2E14F8980013ACFA /* .gitkeep */,
			);
			path = PoseModels;
			sourceTree = "<group>";
		};
		19BDCD412E14F8980013ACFA /* SegmentModels */ = {
			isa = PBXGroup;
			children = (
				19BDCD402E14F8980013ACFA /* .gitkeep */,
			);
			path = SegmentModels;
			sourceTree = "<group>";
		};
		19BDCD4C2E14F8980013ACFA /* YOLOiOSApp */ = {
			isa = PBXGroup;
			children = (
				19BDCD422E14F8980013ACFA /* AppDelegate.swift */,
				19BDCD432E14F8980013ACFA /* Assets.xcassets */,
				19BDCD442E14F8980013ACFA /* Info.plist */,
				19BDCD452E14F8980013ACFA /* LaunchScreen.storyboard */,
				19BDCD462E14F8980013ACFA /* Main.storyboard */,
				19BDCD472E14F8980013ACFA /* ModelDownloadManager.swift */,
				19BDCD482E14F8980013ACFA /* RemoteModels.swift */,
				19BDCD492E14F8980013ACFA /* Settings.bundle */,
				19BDCD4A2E14F8980013ACFA /* ultralytics_yolo_logotype.png */,
				19BDCD4B2E14F8980013ACFA /* ViewController.swift */,
			);
			path = YOLOiOSApp;
			sourceTree = "<group>";
		};
		19BDCD4F2E14F8980013ACFA /* YOLOiOSApp */ = {
			isa = PBXGroup;
			children = (
				19BDCD392E14F8980013ACFA /* ClassifyModels */,
				19BDCD3B2E14F8980013ACFA /* DetectModels */,
				19BDCD3D2E14F8980013ACFA /* OBBModels */,
				19BDCD3F2E14F8980013ACFA /* PoseModels */,
				19BDCD412E14F8980013ACFA /* SegmentModels */,
				19BDCD4C2E14F8980013ACFA /* YOLOiOSApp */,
				19BDCD4D2E14F8980013ACFA /* README.md */,
				19BDCD4E2E14F8980013ACFA /* YOLOiOSApp.xcodeproj */,
			);
			name = YOLOiOSApp;
			path = "yolo-ios-app-main/YOLOiOSApp";
			sourceTree = "<group>";
		};
		19BDCD502E14F8980013ACFA /* Products */ = {
			isa = PBXGroup;
			children = (
				19BDCD542E14F8980013ACFA /* YOLOiOSApp.app */,
			);
			name = Products;
			sourceTree = "<group>";
		};
		19BDCD672E14FB770013ACFA /* YOLO */ = {
			isa = PBXGroup;
			children = (
				19BDCD552E14FB770013ACFA /* BasePredictor.swift */,
				19BDCD562E14FB770013ACFA /* BoundingBoxView.swift */,
				19BDCD572E14FB770013ACFA /* Classifier.swift */,
				19BDCD582E14FB770013ACFA /* NonMaxSuppression.swift */,
				19BDCD592E14FB770013ACFA /* ObbDetector.swift */,
				19BDCD5A2E14FB770013ACFA /* ObjectDetector.swift */,
				19BDCD5B2E14FB770013ACFA /* Plot.swift */,
				19BDCD5C2E14FB770013ACFA /* PoseEstimater.swift */,
				19BDCD5D2E14FB770013ACFA /* Predictor.swift */,
				19BDCD5E2E14FB770013ACFA /* README.md */,
				19BDCD5F2E14FB770013ACFA /* Segmenter.swift */,
				19BDCD602E14FB770013ACFA /* ThresholdProvider.swift */,
				19BDCD612E14FB770013ACFA /* VideoCapture.swift */,
				19BDCD622E14FB770013ACFA /* YOLO.swift */,
				19BDCD632E14FB770013ACFA /* YOLOCamera.swift */,
				19BDCD642E14FB770013ACFA /* YOLOResult.swift */,
				19BDCD652E14FB770013ACFA /* YOLOTask.swift */,
				19BDCD662E14FB770013ACFA /* YOLOView.swift */,
			);
			name = YOLO;
			path = "yolo-ios-app-main/Sources/YOLO";
			sourceTree = "<group>";
		};
		19BDCD7A2E14FC6D0013ACFA /* YOLO */ = {
			isa = PBXGroup;
			children = (
				19BDCD682E14FC6D0013ACFA /* BasePredictor.swift */,
				19BDCD692E14FC6D0013ACFA /* BoundingBoxView.swift */,
				19BDCD6A2E14FC6D0013ACFA /* Classifier.swift */,
				19BDCD6B2E14FC6D0013ACFA /* NonMaxSuppression.swift */,
				19BDCD6C2E14FC6D0013ACFA /* ObbDetector.swift */,
				19BDCD6D2E14FC6D0013ACFA /* ObjectDetector.swift */,
				19BDCD6E2E14FC6D0013ACFA /* Plot.swift */,
				19BDCD6F2E14FC6D0013ACFA /* PoseEstimater.swift */,
				19BDCD702E14FC6D0013ACFA /* Predictor.swift */,
				19BDCD712E14FC6D0013ACFA /* README.md */,
				19BDCD722E14FC6D0013ACFA /* Segmenter.swift */,
				19BDCD732E14FC6D0013ACFA /* ThresholdProvider.swift */,
				19BDCD742E14FC6D0013ACFA /* VideoCapture.swift */,
				19BDCD752E14FC6D0013ACFA /* YOLO.swift */,
				19BDCD762E14FC6D0013ACFA /* YOLOCamera.swift */,
				19BDCD772E14FC6D0013ACFA /* YOLOResult.swift */,
				19BDCD782E14FC6D0013ACFA /* YOLOTask.swift */,
				19BDCD792E14FC6D0013ACFA /* YOLOView.swift */,
			);
			name = YOLO;
			path = "yolo-ios-app-main/Sources/YOLO";
			sourceTree = "<group>";
		};
		9D8D98282E12CEDA00A8277B /* Frameworks */ = {
			isa = PBXGroup;
			children = (
				19BDCD672E14FB770013ACFA /* YOLO */,
				19BDCD7A2E14FC6D0013ACFA /* YOLO */,
				19BDCD4F2E14F8980013ACFA /* YOLOiOSApp */,
				19BDCD322E14F8760013ACFA /* YOLOiOSApp */,
			);
			name = Frameworks;
			sourceTree = "<group>";
		};
		9DF2ABA52E12B8B2000EC00D = {
			isa = PBXGroup;
			children = (
				9DF2ABB02E12B8B2000EC00D /* hack_day */,
				9DF2ABC12E12B8B3000EC00D /* hack_dayTests */,
				9DF2ABCB2E12B8B3000EC00D /* hack_dayUITests */,
				9D8D98282E12CEDA00A8277B /* Frameworks */,
				9DF2ABAF2E12B8B2000EC00D /* Products */,
			);
			sourceTree = "<group>";
		};
		9DF2ABAF2E12B8B2000EC00D /* Products */ = {
			isa = PBXGroup;
			children = (
				9DF2ABAE2E12B8B2000EC00D /* hack_day.app */,
				9DF2ABBE2E12B8B3000EC00D /* hack_dayTests.xctest */,
				9DF2ABC82E12B8B3000EC00D /* hack_dayUITests.xctest */,
			);
			name = Products;
			sourceTree = "<group>";
		};
		9DF2ABB02E12B8B2000EC00D /* hack_day */ = {
			isa = PBXGroup;
			children = (
				19BDCD182E14F6D40013ACFA /* YOLOResultView.swift */,
				9DF2ABB12E12B8B2000EC00D /* hack_dayApp.swift */,
				9DF2ABB32E12B8B2000EC00D /* ContentView.swift */,
				9DF2ABB52E12B8B3000EC00D /* Assets.xcassets */,
				9DF2ABB72E12B8B3000EC00D /* Preview Content */,
				9D8D982B2E12CF4600A8277B /* m_best.pt */,
				9D8D982D2E12CF8500A8277B /* yolo11n.mlpackage */,
				9D8D98352E12D5F500A8277B /* m_best.mlpackage */,
			);
			path = hack_day;
			sourceTree = "<group>";
		};
		9DF2ABB72E12B8B3000EC00D /* Preview Content */ = {
			isa = PBXGroup;
			children = (
				9DF2ABB82E12B8B3000EC00D /* Preview Assets.xcassets */,
			);
			path = "Preview Content";
			sourceTree = "<group>";
		};
		9DF2ABC12E12B8B3000EC00D /* hack_dayTests */ = {
			isa = PBXGroup;
			children = (
				9DF2ABC22E12B8B3000EC00D /* hack_dayTests.swift */,
			);
			path = hack_dayTests;
			sourceTree = "<group>";
		};
		9DF2ABCB2E12B8B3000EC00D /* hack_dayUITests */ = {
			isa = PBXGroup;
			children = (
				9DF2ABCC2E12B8B3000EC00D /* hack_dayUITests.swift */,
				9DF2ABCE2E12B8B3000EC00D /* hack_dayUITestsLaunchTests.swift */,
			);
			path = hack_dayUITests;
			sourceTree = "<group>";
		};
/* End PBXGroup section */

/* Begin PBXNativeTarget section */
		9DF2ABAD2E12B8B2000EC00D /* hack_day */ = {
			isa = PBXNativeTarget;
			buildConfigurationList = 9DF2ABD22E12B8B3000EC00D /* Build configuration list for PBXNativeTarget "hack_day" */;
			buildPhases = (
				9DF2ABAA2E12B8B2000EC00D /* Sources */,
				9DF2ABAB2E12B8B2000EC00D /* Frameworks */,
				9DF2ABAC2E12B8B2000EC00D /* Resources */,
			);
			buildRules = (
			);
			dependencies = (
			);
			name = hack_day;
			productName = hack_day;
			productReference = 9DF2ABAE2E12B8B2000EC00D /* hack_day.app */;
			productType = "com.apple.product-type.application";
		};
		9DF2ABBD2E12B8B3000EC00D /* hack_dayTests */ = {
			isa = PBXNativeTarget;
			buildConfigurationList = 9DF2ABD52E12B8B3000EC00D /* Build configuration list for PBXNativeTarget "hack_dayTests" */;
			buildPhases = (
				9DF2ABBA2E12B8B3000EC00D /* Sources */,
				9DF2ABBB2E12B8B3000EC00D /* Frameworks */,
				9DF2ABBC2E12B8B3000EC00D /* Resources */,
			);
			buildRules = (
			);
			dependencies = (
				9DF2ABC02E12B8B3000EC00D /* PBXTargetDependency */,
			);
			name = hack_dayTests;
			productName = hack_dayTests;
			productReference = 9DF2ABBE2E12B8B3000EC00D /* hack_dayTests.xctest */;
			productType = "com.apple.product-type.bundle.unit-test";
		};
		9DF2ABC72E12B8B3000EC00D /* hack_dayUITests */ = {
			isa = PBXNativeTarget;
			buildConfigurationList = 9DF2ABD82E12B8B3000EC00D /* Build configuration list for PBXNativeTarget "hack_dayUITests" */;
			buildPhases = (
				9DF2ABC42E12B8B3000EC00D /* Sources */,
				9DF2ABC52E12B8B3000EC00D /* Frameworks */,
				9DF2ABC62E12B8B3000EC00D /* Resources */,
			);
			buildRules = (
			);
			dependencies = (
				9DF2ABCA2E12B8B3000EC00D /* PBXTargetDependency */,
			);
			name = hack_dayUITests;
			productName = hack_dayUITests;
			productReference = 9DF2ABC82E12B8B3000EC00D /* hack_dayUITests.xctest */;
			productType = "com.apple.product-type.bundle.ui-testing";
		};
/* End PBXNativeTarget section */

/* Begin PBXProject section */
		9DF2ABA62E12B8B2000EC00D /* Project object */ = {
			isa = PBXProject;
			attributes = {
				BuildIndependentTargetsInParallel = 1;
				LastSwiftUpdateCheck = 1430;
				LastUpgradeCheck = 1430;
				TargetAttributes = {
					9DF2ABAD2E12B8B2000EC00D = {
						CreatedOnToolsVersion = 14.3.1;
					};
					9DF2ABBD2E12B8B3000EC00D = {
						CreatedOnToolsVersion = 14.3.1;
						TestTargetID = 9DF2ABAD2E12B8B2000EC00D;
					};
					9DF2ABC72E12B8B3000EC00D = {
						CreatedOnToolsVersion = 14.3.1;
						TestTargetID = 9DF2ABAD2E12B8B2000EC00D;
					};
				};
			};
			buildConfigurationList = 9DF2ABA92E12B8B2000EC00D /* Build configuration list for PBXProject "hack_day" */;
			compatibilityVersion = "Xcode 14.0";
			developmentRegion = en;
			hasScannedForEncodings = 0;
			knownRegions = (
				en,
				Base,
			);
			mainGroup = 9DF2ABA52E12B8B2000EC00D;
			packageReferences = (
				19BDCD1A2E14F7BB0013ACFA /* XCLocalSwiftPackageReference "yolo-ios-app-main" */,
			);
			productRefGroup = 9DF2ABAF2E12B8B2000EC00D /* Products */;
			projectDirPath = "";
			projectReferences = (
				{
					ProductGroup = 19BDCD332E14F8760013ACFA /* Products */;
					ProjectRef = 19BDCD312E14F8760013ACFA /* YOLOiOSApp.xcodeproj */;
				},
				{
					ProductGroup = 19BDCD502E14F8980013ACFA /* Products */;
					ProjectRef = 19BDCD4E2E14F8980013ACFA /* YOLOiOSApp.xcodeproj */;
				},
			);
			projectRoot = "";
			targets = (
				9DF2ABAD2E12B8B2000EC00D /* hack_day */,
				9DF2ABBD2E12B8B3000EC00D /* hack_dayTests */,
				9DF2ABC72E12B8B3000EC00D /* hack_dayUITests */,
			);
		};
/* End PBXProject section */

/* Begin PBXReferenceProxy section */
		19BDCD372E14F8760013ACFA /* YOLOiOSApp.app */ = {
			isa = PBXReferenceProxy;
			fileType = wrapper.application;
			path = YOLOiOSApp.app;
			remoteRef = 19BDCD362E14F8760013ACFA /* PBXContainerItemProxy */;
			sourceTree = BUILT_PRODUCTS_DIR;
		};
		19BDCD542E14F8980013ACFA /* YOLOiOSApp.app */ = {
			isa = PBXReferenceProxy;
			fileType = wrapper.application;
			path = YOLOiOSApp.app;
			remoteRef = 19BDCD532E14F8980013ACFA /* PBXContainerItemProxy */;
			sourceTree = BUILT_PRODUCTS_DIR;
		};
/* End PBXReferenceProxy section */

/* Begin PBXResourcesBuildPhase section */
		9DF2ABAC2E12B8B2000EC00D /* Resources */ = {
			isa = PBXResourcesBuildPhase;
			buildActionMask = 2147483647;
			files = (
				9D8D982C2E12CF4600A8277B /* m_best.pt in Resources */,
				9DF2ABB92E12B8B3000EC00D /* Preview Assets.xcassets in Resources */,
				9DF2ABB62E12B8B3000EC00D /* Assets.xcassets in Resources */,
			);
			runOnlyForDeploymentPostprocessing = 0;
		};
		9DF2ABBC2E12B8B3000EC00D /* Resources */ = {
			isa = PBXResourcesBuildPhase;
			buildActionMask = 2147483647;
			files = (
			);
			runOnlyForDeploymentPostprocessing = 0;
		};
		9DF2ABC62E12B8B3000EC00D /* Resources */ = {
			isa = PBXResourcesBuildPhase;
			buildActionMask = 2147483647;
			files = (
			);
			runOnlyForDeploymentPostprocessing = 0;
		};
/* End PBXResourcesBuildPhase section */

/* Begin PBXSourcesBuildPhase section */
		9DF2ABAA2E12B8B2000EC00D /* Sources */ = {
			isa = PBXSourcesBuildPhase;
			buildActionMask = 2147483647;
			files = (
				9DF2ABB42E12B8B2000EC00D /* ContentView.swift in Sources */,
				9D8D98362E12D5F500A8277B /* m_best.mlpackage in Sources */,
				19BDCD192E14F6E10013ACFA /* YOLOResultView.swift in Sources */,
				9DF2ABB22E12B8B2000EC00D /* hack_dayApp.swift in Sources */,
				9D8D982E2E12CF8500A8277B /* yolo11n.mlpackage in Sources */,
			);
			runOnlyForDeploymentPostprocessing = 0;
		};
		9DF2ABBA2E12B8B3000EC00D /* Sources */ = {
			isa = PBXSourcesBuildPhase;
			buildActionMask = 2147483647;
			files = (
				9DF2ABC32E12B8B3000EC00D /* hack_dayTests.swift in Sources */,
			);
			runOnlyForDeploymentPostprocessing = 0;
		};
		9DF2ABC42E12B8B3000EC00D /* Sources */ = {
			isa = PBXSourcesBuildPhase;
			buildActionMask = 2147483647;
			files = (
				9DF2ABCF2E12B8B3000EC00D /* hack_dayUITestsLaunchTests.swift in Sources */,
				9DF2ABCD2E12B8B3000EC00D /* hack_dayUITests.swift in Sources */,
			);
			runOnlyForDeploymentPostprocessing = 0;
		};
/* End PBXSourcesBuildPhase section */

/* Begin PBXTargetDependency section */
		9DF2ABC02E12B8B3000EC00D /* PBXTargetDependency */ = {
			isa = PBXTargetDependency;
			target = 9DF2ABAD2E12B8B2000EC00D /* hack_day */;
			targetProxy = 9DF2ABBF2E12B8B3000EC00D /* PBXContainerItemProxy */;
		};
		9DF2ABCA2E12B8B3000EC00D /* PBXTargetDependency */ = {
			isa = PBXTargetDependency;
			target = 9DF2ABAD2E12B8B2000EC00D /* hack_day */;
			targetProxy = 9DF2ABC92E12B8B3000EC00D /* PBXContainerItemProxy */;
		};
/* End PBXTargetDependency section */

/* Begin XCBuildConfiguration section */
		9DF2ABD02E12B8B3000EC00D /* Debug */ = {
			isa = XCBuildConfiguration;
			buildSettings = {
				ALWAYS_SEARCH_USER_PATHS = NO;
				CLANG_ANALYZER_NONNULL = YES;
				CLANG_ANALYZER_NUMBER_OBJECT_CONVERSION = YES_AGGRESSIVE;
				CLANG_CXX_LANGUAGE_STANDARD = "gnu++20";
				CLANG_ENABLE_MODULES = YES;
				CLANG_ENABLE_OBJC_ARC = YES;
				CLANG_ENABLE_OBJC_WEAK = YES;
				CLANG_WARN_BLOCK_CAPTURE_AUTORELEASING = YES;
				CLANG_WARN_BOOL_CONVERSION = YES;
				CLANG_WARN_COMMA = YES;
				CLANG_WARN_CONSTANT_CONVERSION = YES;
				CLANG_WARN_DEPRECATED_OBJC_IMPLEMENTATIONS = YES;
				CLANG_WARN_DIRECT_OBJC_ISA_USAGE = YES_ERROR;
				CLANG_WARN_DOCUMENTATION_COMMENTS = YES;
				CLANG_WARN_EMPTY_BODY = YES;
				CLANG_WARN_ENUM_CONVERSION = YES;
				CLANG_WARN_INFINITE_RECURSION = YES;
				CLANG_WARN_INT_CONVERSION = YES;
				CLANG_WARN_NON_LITERAL_NULL_CONVERSION = YES;
				CLANG_WARN_OBJC_IMPLICIT_RETAIN_SELF = YES;
				CLANG_WARN_OBJC_LITERAL_CONVERSION = YES;
				CLANG_WARN_OBJC_ROOT_CLASS = YES_ERROR;
				CLANG_WARN_QUOTED_INCLUDE_IN_FRAMEWORK_HEADER = YES;
				CLANG_WARN_RANGE_LOOP_ANALYSIS = YES;
				CLANG_WARN_STRICT_PROTOTYPES = YES;
				CLANG_WARN_SUSPICIOUS_MOVE = YES;
				CLANG_WARN_UNGUARDED_AVAILABILITY = YES_AGGRESSIVE;
				CLANG_WARN_UNREACHABLE_CODE = YES;
				CLANG_WARN__DUPLICATE_METHOD_MATCH = YES;
				COPY_PHASE_STRIP = NO;
				DEBUG_INFORMATION_FORMAT = dwarf;
				ENABLE_STRICT_OBJC_MSGSEND = YES;
				ENABLE_TESTABILITY = YES;
				GCC_C_LANGUAGE_STANDARD = gnu11;
				GCC_DYNAMIC_NO_PIC = NO;
				GCC_NO_COMMON_BLOCKS = YES;
				GCC_OPTIMIZATION_LEVEL = 0;
				GCC_PREPROCESSOR_DEFINITIONS = (
					"DEBUG=1",
					"$(inherited)",
				);
				GCC_WARN_64_TO_32_BIT_CONVERSION = YES;
				GCC_WARN_ABOUT_RETURN_TYPE = YES_ERROR;
				GCC_WARN_UNDECLARED_SELECTOR = YES;
				GCC_WARN_UNINITIALIZED_AUTOS = YES_AGGRESSIVE;
				GCC_WARN_UNUSED_FUNCTION = YES;
				GCC_WARN_UNUSED_VARIABLE = YES;
				IPHONEOS_DEPLOYMENT_TARGET = 16.4;
				MTL_ENABLE_DEBUG_INFO = INCLUDE_SOURCE;
				MTL_FAST_MATH = YES;
				ONLY_ACTIVE_ARCH = YES;
				SDKROOT = iphoneos;
				SWIFT_ACTIVE_COMPILATION_CONDITIONS = DEBUG;
				SWIFT_OPTIMIZATION_LEVEL = "-Onone";
			};
			name = Debug;
		};
		9DF2ABD12E12B8B3000EC00D /* Release */ = {
			isa = XCBuildConfiguration;
			buildSettings = {
				ALWAYS_SEARCH_USER_PATHS = NO;
				CLANG_ANALYZER_NONNULL = YES;
				CLANG_ANALYZER_NUMBER_OBJECT_CONVERSION = YES_AGGRESSIVE;
				CLANG_CXX_LANGUAGE_STANDARD = "gnu++20";
				CLANG_ENABLE_MODULES = YES;
				CLANG_ENABLE_OBJC_ARC = YES;
				CLANG_ENABLE_OBJC_WEAK = YES;
				CLANG_WARN_BLOCK_CAPTURE_AUTORELEASING = YES;
				CLANG_WARN_BOOL_CONVERSION = YES;
				CLANG_WARN_COMMA = YES;
				CLANG_WARN_CONSTANT_CONVERSION = YES;
				CLANG_WARN_DEPRECATED_OBJC_IMPLEMENTATIONS = YES;
				CLANG_WARN_DIRECT_OBJC_ISA_USAGE = YES_ERROR;
				CLANG_WARN_DOCUMENTATION_COMMENTS = YES;
				CLANG_WARN_EMPTY_BODY = YES;
				CLANG_WARN_ENUM_CONVERSION = YES;
				CLANG_WARN_INFINITE_RECURSION = YES;
				CLANG_WARN_INT_CONVERSION = YES;
				CLANG_WARN_NON_LITERAL_NULL_CONVERSION = YES;
				CLANG_WARN_OBJC_IMPLICIT_RETAIN_SELF = YES;
				CLANG_WARN_OBJC_LITERAL_CONVERSION = YES;
				CLANG_WARN_OBJC_ROOT_CLASS = YES_ERROR;
				CLANG_WARN_QUOTED_INCLUDE_IN_FRAMEWORK_HEADER = YES;
				CLANG_WARN_RANGE_LOOP_ANALYSIS = YES;
				CLANG_WARN_STRICT_PROTOTYPES = YES;
				CLANG_WARN_SUSPICIOUS_MOVE = YES;
				CLANG_WARN_UNGUARDED_AVAILABILITY = YES_AGGRESSIVE;
				CLANG_WARN_UNREACHABLE_CODE = YES;
				CLANG_WARN__DUPLICATE_METHOD_MATCH = YES;
				COPY_PHASE_STRIP = NO;
				DEBUG_INFORMATION_FORMAT = "dwarf-with-dsym";
				ENABLE_NS_ASSERTIONS = NO;
				ENABLE_STRICT_OBJC_MSGSEND = YES;
				GCC_C_LANGUAGE_STANDARD = gnu11;
				GCC_NO_COMMON_BLOCKS = YES;
				GCC_WARN_64_TO_32_BIT_CONVERSION = YES;
				GCC_WARN_ABOUT_RETURN_TYPE = YES_ERROR;
				GCC_WARN_UNDECLARED_SELECTOR = YES;
				GCC_WARN_UNINITIALIZED_AUTOS = YES_AGGRESSIVE;
				GCC_WARN_UNUSED_FUNCTION = YES;
				GCC_WARN_UNUSED_VARIABLE = YES;
				IPHONEOS_DEPLOYMENT_TARGET = 16.4;
				MTL_ENABLE_DEBUG_INFO = NO;
				MTL_FAST_MATH = YES;
				SDKROOT = iphoneos;
				SWIFT_COMPILATION_MODE = wholemodule;
				SWIFT_OPTIMIZATION_LEVEL = "-O";
				VALIDATE_PRODUCT = YES;
			};
			name = Release;
		};
		9DF2ABD32E12B8B3000EC00D /* Debug */ = {
			isa = XCBuildConfiguration;
			buildSettings = {
				ASSETCATALOG_COMPILER_APPICON_NAME = AppIcon;
				ASSETCATALOG_COMPILER_GLOBAL_ACCENT_COLOR_NAME = AccentColor;
				CODE_SIGN_STYLE = Automatic;
				CURRENT_PROJECT_VERSION = 1;
				DEVELOPMENT_ASSET_PATHS = "\"hack_day/Preview Content\"";
				DEVELOPMENT_TEAM = XUJ6YDHUN7;
				ENABLE_PREVIEWS = YES;
				GENERATE_INFOPLIST_FILE = YES;
				INFOPLIST_KEY_NSCameraUsageDescription = "このアプリではカメラを使用して画像やビデオをキャプチャします";
				INFOPLIST_KEY_UIApplicationSceneManifest_Generation = YES;
				INFOPLIST_KEY_UIApplicationSupportsIndirectInputEvents = YES;
				INFOPLIST_KEY_UILaunchScreen_Generation = YES;
				INFOPLIST_KEY_UISupportedInterfaceOrientations_iPad = "UIInterfaceOrientationPortrait UIInterfaceOrientationPortraitUpsideDown UIInterfaceOrientationLandscapeLeft UIInterfaceOrientationLandscapeRight";
				INFOPLIST_KEY_UISupportedInterfaceOrientations_iPhone = "UIInterfaceOrientationPortrait UIInterfaceOrientationLandscapeLeft UIInterfaceOrientationLandscapeRight";
				LD_RUNPATH_SEARCH_PATHS = (
					"$(inherited)",
					"@executable_path/Frameworks",
				);
				MARKETING_VERSION = 1.0;
				PRODUCT_BUNDLE_IDENTIFIER = "yokan.hack-day";
				PRODUCT_NAME = "$(TARGET_NAME)";
				SWIFT_EMIT_LOC_STRINGS = YES;
				SWIFT_VERSION = 5.0;
				TARGETED_DEVICE_FAMILY = "1,2";
			};
			name = Debug;
		};
		9DF2ABD42E12B8B3000EC00D /* Release */ = {
			isa = XCBuildConfiguration;
			buildSettings = {
				ASSETCATALOG_COMPILER_APPICON_NAME = AppIcon;
				ASSETCATALOG_COMPILER_GLOBAL_ACCENT_COLOR_NAME = AccentColor;
				CODE_SIGN_STYLE = Automatic;
				CURRENT_PROJECT_VERSION = 1;
				DEVELOPMENT_ASSET_PATHS = "\"hack_day/Preview Content\"";
				DEVELOPMENT_TEAM = XUJ6YDHUN7;
				ENABLE_PREVIEWS = YES;
				GENERATE_INFOPLIST_FILE = YES;
				INFOPLIST_KEY_NSCameraUsageDescription = "このアプリではカメラを使用して画像やビデオをキャプチャします";
				INFOPLIST_KEY_UIApplicationSceneManifest_Generation = YES;
				INFOPLIST_KEY_UIApplicationSupportsIndirectInputEvents = YES;
				INFOPLIST_KEY_UILaunchScreen_Generation = YES;
				INFOPLIST_KEY_UISupportedInterfaceOrientations_iPad = "UIInterfaceOrientationPortrait UIInterfaceOrientationPortraitUpsideDown UIInterfaceOrientationLandscapeLeft UIInterfaceOrientationLandscapeRight";
				INFOPLIST_KEY_UISupportedInterfaceOrientations_iPhone = "UIInterfaceOrientationPortrait UIInterfaceOrientationLandscapeLeft UIInterfaceOrientationLandscapeRight";
				LD_RUNPATH_SEARCH_PATHS = (
					"$(inherited)",
					"@executable_path/Frameworks",
				);
				MARKETING_VERSION = 1.0;
				PRODUCT_BUNDLE_IDENTIFIER = "yokan.hack-day";
				PRODUCT_NAME = "$(TARGET_NAME)";
				SWIFT_EMIT_LOC_STRINGS = YES;
				SWIFT_VERSION = 5.0;
				TARGETED_DEVICE_FAMILY = "1,2";
			};
			name = Release;
		};
		9DF2ABD62E12B8B3000EC00D /* Debug */ = {
			isa = XCBuildConfiguration;
			buildSettings = {
				ALWAYS_EMBED_SWIFT_STANDARD_LIBRARIES = YES;
				BUNDLE_LOADER = "$(TEST_HOST)";
				CODE_SIGN_STYLE = Automatic;
				CURRENT_PROJECT_VERSION = 1;
				GENERATE_INFOPLIST_FILE = YES;
				IPHONEOS_DEPLOYMENT_TARGET = 16.4;
				MARKETING_VERSION = 1.0;
				PRODUCT_BUNDLE_IDENTIFIER = "kazuki.hack-dayTests";
				PRODUCT_NAME = "$(TARGET_NAME)";
				SWIFT_EMIT_LOC_STRINGS = NO;
				SWIFT_VERSION = 5.0;
				TARGETED_DEVICE_FAMILY = "1,2";
				TEST_HOST = "$(BUILT_PRODUCTS_DIR)/hack_day.app/$(BUNDLE_EXECUTABLE_FOLDER_PATH)/hack_day";
			};
			name = Debug;
		};
		9DF2ABD72E12B8B3000EC00D /* Release */ = {
			isa = XCBuildConfiguration;
			buildSettings = {
				ALWAYS_EMBED_SWIFT_STANDARD_LIBRARIES = YES;
				BUNDLE_LOADER = "$(TEST_HOST)";
				CODE_SIGN_STYLE = Automatic;
				CURRENT_PROJECT_VERSION = 1;
				GENERATE_INFOPLIST_FILE = YES;
				IPHONEOS_DEPLOYMENT_TARGET = 16.4;
				MARKETING_VERSION = 1.0;
				PRODUCT_BUNDLE_IDENTIFIER = "kazuki.hack-dayTests";
				PRODUCT_NAME = "$(TARGET_NAME)";
				SWIFT_EMIT_LOC_STRINGS = NO;
				SWIFT_VERSION = 5.0;
				TARGETED_DEVICE_FAMILY = "1,2";
				TEST_HOST = "$(BUILT_PRODUCTS_DIR)/hack_day.app/$(BUNDLE_EXECUTABLE_FOLDER_PATH)/hack_day";
			};
			name = Release;
		};
		9DF2ABD92E12B8B3000EC00D /* Debug */ = {
			isa = XCBuildConfiguration;
			buildSettings = {
				ALWAYS_EMBED_SWIFT_STANDARD_LIBRARIES = YES;
				CODE_SIGN_STYLE = Automatic;
				CURRENT_PROJECT_VERSION = 1;
				GENERATE_INFOPLIST_FILE = YES;
				MARKETING_VERSION = 1.0;
				PRODUCT_BUNDLE_IDENTIFIER = "kazuki.hack-dayUITests";
				PRODUCT_NAME = "$(TARGET_NAME)";
				SWIFT_EMIT_LOC_STRINGS = NO;
				SWIFT_VERSION = 5.0;
				TARGETED_DEVICE_FAMILY = "1,2";
				TEST_TARGET_NAME = hack_day;
			};
			name = Debug;
		};
		9DF2ABDA2E12B8B3000EC00D /* Release */ = {
			isa = XCBuildConfiguration;
			buildSettings = {
				ALWAYS_EMBED_SWIFT_STANDARD_LIBRARIES = YES;
				CODE_SIGN_STYLE = Automatic;
				CURRENT_PROJECT_VERSION = 1;
				GENERATE_INFOPLIST_FILE = YES;
				MARKETING_VERSION = 1.0;
				PRODUCT_BUNDLE_IDENTIFIER = "kazuki.hack-dayUITests";
				PRODUCT_NAME = "$(TARGET_NAME)";
				SWIFT_EMIT_LOC_STRINGS = NO;
				SWIFT_VERSION = 5.0;
				TARGETED_DEVICE_FAMILY = "1,2";
				TEST_TARGET_NAME = hack_day;
			};
			name = Release;
		};
/* End XCBuildConfiguration section */

/* Begin XCConfigurationList section */
		9DF2ABA92E12B8B2000EC00D /* Build configuration list for PBXProject "hack_day" */ = {
			isa = XCConfigurationList;
			buildConfigurations = (
				9DF2ABD02E12B8B3000EC00D /* Debug */,
				9DF2ABD12E12B8B3000EC00D /* Release */,
			);
			defaultConfigurationIsVisible = 0;
			defaultConfigurationName = Release;
		};
		9DF2ABD22E12B8B3000EC00D /* Build configuration list for PBXNativeTarget "hack_day" */ = {
			isa = XCConfigurationList;
			buildConfigurations = (
				9DF2ABD32E12B8B3000EC00D /* Debug */,
				9DF2ABD42E12B8B3000EC00D /* Release */,
			);
			defaultConfigurationIsVisible = 0;
			defaultConfigurationName = Release;
		};
		9DF2ABD52E12B8B3000EC00D /* Build configuration list for PBXNativeTarget "hack_dayTests" */ = {
			isa = XCConfigurationList;
			buildConfigurations = (
				9DF2ABD62E12B8B3000EC00D /* Debug */,
				9DF2ABD72E12B8B3000EC00D /* Release */,
			);
			defaultConfigurationIsVisible = 0;
			defaultConfigurationName = Release;
		};
		9DF2ABD82E12B8B3000EC00D /* Build configuration list for PBXNativeTarget "hack_dayUITests" */ = {
			isa = XCConfigurationList;
			buildConfigurations = (
				9DF2ABD92E12B8B3000EC00D /* Debug */,
				9DF2ABDA2E12B8B3000EC00D /* Release */,
			);
			defaultConfigurationIsVisible = 0;
			defaultConfigurationName = Release;
		};
/* End XCConfigurationList section */

/* Begin XCLocalSwiftPackageReference section */
		19BDCD1A2E14F7BB0013ACFA /* XCLocalSwiftPackageReference "yolo-ios-app-main" */ = {
			isa = XCLocalSwiftPackageReference;
			relativePath = "yolo-ios-app-main";
		};
/* End XCLocalSwiftPackageReference section */

/* Begin XCSwiftPackageProductDependency section */
		19BDCD7B2E14FC800013ACFA /* YOLO */ = {
			isa = XCSwiftPackageProductDependency;
			package = 19BDCD1A2E14F7BB0013ACFA /* XCLocalSwiftPackageReference "yolo-ios-app-main" */;
			productName = YOLO;
		};
/* End XCSwiftPackageProductDependency section */
	};
	rootObject = 9DF2ABA62E12B8B2000EC00D /* Project object */;
}
