{
  "originHash" : "fe8266aded058ed365d6c0208ee93b6b49b2bb636bb5eb0d779fc8db27fc939d",
  "pins" : [
    {
      "identity" : "yolo-ios-app",
      "kind" : "remoteSourceControl",
      "location" : "https://github.com/ultralytics/yolo-ios-app",
      "state" : {
        "branch" : "main",
        "revision" : "639135edc25e04eb6c1353912d08fbc925334a1a"
      }
    }
  ],
  "version" : 3
}
